github.com/davecgh/go-spew v1.1.0/go.mod h1:J7Y8YcW2NihsgmVo/mv3lAwl/skON4iLHjSsI+c5H38=
github.com/go-ini/ini v1.48.0 h1:TvO60hO/2xgaaTWp2P0wUe4CFxwdMzfbkv3+343Xzqw=
github.com/go-ini/ini v1.48.0/go.mod h1:ByCAeIL28uOIIG0E3PJtZPDL8WnHpFKFOtgjp+3Ies8=
github.com/go-sql-driver/mysql v1.4.0/go.mod h1:zAC/RDZ24gD3HViQzih4MyKcchzm+sOG5ZlKdlhCg5w=
github.com/gwaylib/beanmsq v0.0.0-20190326081523-eda206cf81a9/go.mod h1:zASOVPtMKgmjwI28EvSQnBC748mwNA0lubqKpzVbVSw=
github.com/gwaylib/errors v0.0.0-20190718041537-e442aeb61900/go.mod h1:mc+ainsF9wgufeFi7TzP0n82I1NPYj7DvUJ6noSszD8=
github.com/gwaylib/errors v0.0.0-20190905023356-162e59439c92 h1:ZOXwvG2yIbIX+eQShKZW01zVuIKG6SjkVa3CN+BOblE=
github.com/gwaylib/errors v0.0.0-20190905023356-162e59439c92/go.mod h1:+HS/JYB/LwqAWsVPCZHFYhwdDiQ/N2kuUqhYD44tfpY=
github.com/gwaylib/log v0.0.0-20190829041528-b6c28711ef53 h1:uBejqmckuot1HaHMe13s4eFdQI5+0LYkxM/lDZnYH0A=
github.com/gwaylib/log v0.0.0-20190829041528-b6c28711ef53/go.mod h1:FwuJtWmicMfzgmySG/QzJZL5J5qiMULuWgvT4qXZTgI=
github.com/iwanbk/gobeanstalk v0.0.0-20160903043409-dbbb23937c31/go.mod h1:9ERvzhQ09s9SfQ7LjjF6FwUDnfkdZJUCN3vOUE+NtP8=
github.com/jmoiron/sqlx v1.2.0 h1:41Ip0zITnmWNR/vHV+S4m+VoUivnWY5E4OJfLZjCJMA=
github.com/jmoiron/sqlx v1.2.0/go.mod h1:1FEQNm3xlJgrMD+FBdI9+xvCksHtbpVBBw5dYhBSsks=
github.com/kr/beanstalk v0.0.0-20180818045031-cae1762e4858/go.mod h1:S640fId9Ag4k2hh6Hwwj62pMSZqfMtg/kfKPeAOhET8=
github.com/labstack/gommon v0.3.0 h1:JEeO0bvc78PKdyHxloTKiF8BD5iGrH8T6MSeGvSgob0=
github.com/labstack/gommon v0.3.0/go.mod h1:MULnywXg0yavhxWKc+lOruYdAhDwPK9wf0OL7NoOu+k=
github.com/lib/pq v1.0.0/go.mod h1:5WUZQaWbwv1U+lTReE5YruASi9Al49XbQIvNi/34Woo=
github.com/mattn/go-colorable v0.1.2 h1:/bC9yWikZXAL9uJdulbSfyVNIR3n3trXl+v8+1sx8mU=
github.com/mattn/go-colorable v0.1.2/go.mod h1:U0ppj6V5qS13XJ6of8GYAs25YV2eR4EVcfRqFIhoBtE=
github.com/mattn/go-isatty v0.0.8/go.mod h1:Iq45c/XA43vh69/j3iqttzPXn0bhXyGjM0Hdxcsrc5s=
github.com/mattn/go-isatty v0.0.9 h1:d5US/mDsogSGW37IV293h//ZFaeajb69h+EHFsv2xGg=
github.com/mattn/go-isatty v0.0.9/go.mod h1:YNRxwqDuOph6SZLI9vUUz6OYw3QyUt7WiY2yME+cCiQ=
github.com/mattn/go-sqlite3 v1.9.0/go.mod h1:FPy6KqzDD04eiIsT53CuJW3U88zkxoIYsOqkbpncsNc=
github.com/pmezard/go-difflib v1.0.0/go.mod h1:iKH77koFhYxTK1pcRnkKkqfTogsbg7gZNVY4sRDYZ/4=
github.com/stretchr/objx v0.1.0/go.mod h1:HFkY916IF+rwdDfMAkV7OtwuqBVzrE8GR6GFx+wExME=
github.com/stretchr/testify v1.4.0/go.mod h1:j7eGeouHqKxXV5pUuKE4zz7dFj8WfuZ+81PSLYec5m4=
github.com/valyala/bytebufferpool v1.0.0/go.mod h1:6bBcMArwyJ5K/AmCkWv1jt77kVWyCJ6HpOuEn7z0Csc=
github.com/valyala/fasttemplate v1.0.1/go.mod h1:UQGH1tvbgY+Nz5t2n7tXsz52dQxojPUpymEIMZ47gx8=
golang.org/x/sys v0.0.0-20190222072716-a9d3bda3a223/go.mod h1:STP8DvDyc/dI5b8T5hshtkjS+E42TnysNCUPdjciGhY=
golang.org/x/sys v0.0.0-20190813064441-fde4db37ae7a h1:aYOabOQFp6Vj6W1F80affTUvO9UxmJRx8K0gsfABByQ=
golang.org/x/sys v0.0.0-20190813064441-fde4db37ae7a/go.mod h1:h1NjWce9XRLGQEsW7wpKNCjG9DtNlClVuFLEZdDNbEs=
gopkg.in/check.v1 v0.0.0-20161208181325-20d25e280405/go.mod h1:Co6ibVJAznAaIkqp8huTwlJQCZ016jof/cbN4VW5Yz0=
gopkg.in/yaml.v2 v2.2.2/go.mod h1:hI93XBmqTisBFMUTm0b8Fm+jr3Dg1NNxqwp+5A1VGuI=
